
Microsoft Visual Studio Solution File, Format Version 12.00
# Visual Studio Version 17
VisualStudioVersion = 17.5.002.0
MinimumVisualStudioVersion = 10.0.40219.1
Project("{9A19103F-16F7-4668-BE54-9A1E7A4F7556}") = "Stackup.Api", "Stackup.Api.csproj", "{D970FA05-880D-4BB4-AD26-3AE358D9036C}"
EndProject
Global
	GlobalSection(SolutionConfigurationPlatforms) = preSolution
		Debug|Any CPU = Debug|Any CPU
		Release|Any CPU = Release|Any CPU
	EndGlobalSection
	GlobalSection(ProjectConfigurationPlatforms) = postSolution
		{D970FA05-880D-4BB4-AD26-3AE358D9036C}.Debug|Any CPU.ActiveCfg = Debug|Any CPU
		{D970FA05-880D-4BB4-AD26-3AE358D9036C}.Debug|Any CPU.Build.0 = Debug|Any CPU
		{D970FA05-880D-4BB4-AD26-3AE358D9036C}.Release|Any CPU.ActiveCfg = Release|Any CPU
		{D970FA05-880D-4BB4-AD26-3AE358D9036C}.Release|Any CPU.Build.0 = Release|Any CPU
	EndGlobalSection
	GlobalSection(SolutionProperties) = preSolution
		HideSolutionNode = FALSE
	EndGlobalSection
	GlobalSection(ExtensibilityGlobals) = postSolution
		SolutionGuid = {15114152-50BB-41A9-A23C-3F994C436510}
	EndGlobalSection
EndGlobal
